
Microsoft Visual Studio Solution File, Format Version 12.00
# Visual Studio 14
VisualStudioVersion = 14.0.25420.1
MinimumVisualStudioVersion = 10.0.40219.1
Project("{2150E333-8FDC-42A3-9474-1A3956D46DE8}") = "src", "src", "{ED43425A-4EF4-4264-B3F0-196AE4D5D45F}"
EndProject
Project("{2150E333-8FDC-42A3-9474-1A3956D46DE8}") = "Solution Items", "Solution Items", "{5FFF8B5C-21CA-4DFC-971F-0546524B4D62}"
	ProjectSection(SolutionItems) = preProject
		global.json = global.json
	EndProjectSection
EndProject
Project("{8BB2217D-0F2D-49D1-97BC-3654ED321F3B}") = "NetCoreScaffolingExample", "src\NetCoreScaffolingExample\NetCoreScaffolingExample.xproj", "{2216D326-2FE1-4325-8317-FA4254C62E4B}"
EndProject
Global
	GlobalSection(SolutionConfigurationPlatforms) = preSolution
		Debug|Any CPU = Debug|Any CPU
		Release|Any CPU = Release|Any CPU
	EndGlobalSection
	GlobalSection(ProjectConfigurationPlatforms) = postSolution
		{2216D326-2FE1-4325-8317-FA4254C62E4B}.Debug|Any CPU.ActiveCfg = Debug|Any CPU
		{2216D326-2FE1-4325-8317-FA4254C62E4B}.Debug|Any CPU.Build.0 = Debug|Any CPU
		{2216D326-2FE1-4325-8317-FA4254C62E4B}.Release|Any CPU.ActiveCfg = Release|Any CPU
		{2216D326-2FE1-4325-8317-FA4254C62E4B}.Release|Any CPU.Build.0 = Release|Any CPU
	EndGlobalSection
	GlobalSection(SolutionProperties) = preSolution
		HideSolutionNode = FALSE
	EndGlobalSection
	GlobalSection(NestedProjects) = preSolution
		{2216D326-2FE1-4325-8317-FA4254C62E4B} = {ED43425A-4EF4-4264-B3F0-196AE4D5D45F}
	EndGlobalSection
EndGlobal
